// !$*UTF8*$!
{
	archiveVersion = 1;
	classes = {
	};
	objectVersion = 55;
	objects = {

/* Begin PBXBuildFile section */
		B37393AF27632DE3007DF96D /* WeatherManager.swift in Sources */ = {isa = PBXBuildFile; fileRef = B37393AE27632DE3007DF96D /* WeatherManager.swift */; };
		B37393B127632F83007DF96D /* WeatherView.swift in Sources */ = {isa = PBXBuildFile; fileRef = B37393B027632F83007DF96D /* WeatherView.swift */; };
		B37393B327633012007DF96D /* ModelData.swift in Sources */ = {isa = PBXBuildFile; fileRef = B37393B227633012007DF96D /* ModelData.swift */; };
		B37393B527633065007DF96D /* Extensions.swift in Sources */ = {isa = PBXBuildFile; fileRef = B37393B427633065007DF96D /* Extensions.swift */; };
		B37393B7276332B6007DF96D /* weatherData.json in Resources */ = {isa = PBXBuildFile; fileRef = B37393B6276332B6007DF96D /* weatherData.json */; };
		B37393BA27633601007DF96D /* WeatherRow.swift in Sources */ = {isa = PBXBuildFile; fileRef = B37393B927633601007DF96D /* WeatherRow.swift */; };
		B37393BD2766E0EE007DF96D /* Kingfisher in Frameworks */ = {isa = PBXBuildFile; productRef = B37393BC2766E0EE007DF96D /* Kingfisher */; };
		B3D9C3F62763269F005224B7 /* WeatherDemoApp.swift in Sources */ = {isa = PBXBuildFile; fileRef = B3D9C3F52763269F005224B7 /* WeatherDemoApp.swift */; };
		B3D9C3F82763269F005224B7 /* ContentView.swift in Sources */ = {isa = PBXBuildFile; fileRef = B3D9C3F72763269F005224B7 /* ContentView.swift */; };
		B3D9C3FA276326A3005224B7 /* Assets.xcassets in Resources */ = {isa = PBXBuildFile; fileRef = B3D9C3F9276326A3005224B7 /* Assets.xcassets */; };
		B3D9C3FD276326A3005224B7 /* Preview Assets.xcassets in Resources */ = {isa = PBXBuildFile; fileRef = B3D9C3FC276326A3005224B7 /* Preview Assets.xcassets */; };
		B3D9C405276327CC005224B7 /* LocationManager.swift in Sources */ = {isa = PBXBuildFile; fileRef = B3D9C404276327CC005224B7 /* LocationManager.swift */; };
		B3D9C4082763285E005224B7 /* WelcomeView.swift in Sources */ = {isa = PBXBuildFile; fileRef = B3D9C4072763285E005224B7 /* WelcomeView.swift */; };
/* End PBXBuildFile section */

/* Begin PBXFileReference section */
		B37393AE27632DE3007DF96D /* WeatherManager.swift */ = {isa = PBXFileReference; lastKnownFileType = sourcecode.swift; path = WeatherManager.swift; sourceTree = "<group>"; };
		B37393B027632F83007DF96D /* WeatherView.swift */ = {isa = PBXFileReference; lastKnownFileType = sourcecode.swift; path = WeatherView.swift; sourceTree = "<group>"; };
		B37393B227633012007DF96D /* ModelData.swift */ = {isa = PBXFileReference; lastKnownFileType = sourcecode.swift; path = ModelData.swift; sourceTree = "<group>"; };
		B37393B427633065007DF96D /* Extensions.swift */ = {isa = PBXFileReference; lastKnownFileType = sourcecode.swift; path = Extensions.swift; sourceTree = "<group>"; };
		B37393B6276332B6007DF96D /* weatherData.json */ = {isa = PBXFileReference; lastKnownFileType = text.json; path = weatherData.json; sourceTree = "<group>"; };
		B37393B927633601007DF96D /* WeatherRow.swift */ = {isa = PBXFileReference; lastKnownFileType = sourcecode.swift; path = WeatherRow.swift; sourceTree = "<group>"; };
		B3D9C3F22763269F005224B7 /* WeatherDemo.app */ = {isa = PBXFileReference; explicitFileType = wrapper.application; includeInIndex = 0; path = WeatherDemo.app; sourceTree = BUILT_PRODUCTS_DIR; };
		B3D9C3F52763269F005224B7 /* WeatherDemoApp.swift */ = {isa = PBXFileReference; lastKnownFileType = sourcecode.swift; path = WeatherDemoApp.swift; sourceTree = "<group>"; };
		B3D9C3F72763269F005224B7 /* ContentView.swift */ = {isa = PBXFileReference; lastKnownFileType = sourcecode.swift; path = ContentView.swift; sourceTree = "<group>"; };
		B3D9C3F9276326A3005224B7 /* Assets.xcassets */ = {isa = PBXFileReference; lastKnownFileType = folder.assetcatalog; path = Assets.xcassets; sourceTree = "<group>"; };
		B3D9C3FC276326A3005224B7 /* Preview Assets.xcassets */ = {isa = PBXFileReference; lastKnownFileType = folder.assetcatalog; path = "Preview Assets.xcassets"; sourceTree = "<group>"; };
		B3D9C404276327CC005224B7 /* LocationManager.swift */ = {isa = PBXFileReference; lastKnownFileType = sourcecode.swift; path = LocationManager.swift; sourceTree = "<group>"; };
		B3D9C4072763285E005224B7 /* WelcomeView.swift */ = {isa = PBXFileReference; lastKnownFileType = sourcecode.swift; path = WelcomeView.swift; sourceTree = "<group>"; };
/* End PBXFileReference section */

/* Begin PBXFrameworksBuildPhase section */
		B3D9C3EF2763269F005224B7 /* Frameworks */ = {
			isa = PBXFrameworksBuildPhase;
			buildActionMask = 2147483647;
			files = (
				B37393BD2766E0EE007DF96D /* Kingfisher in Frameworks */,
			);
			runOnlyForDeploymentPostprocessing = 0;
		};
/* End PBXFrameworksBuildPhase section */

/* Begin PBXGroup section */
		B37393B8276335EC007DF96D /* Components */ = {
			isa = PBXGroup;
			children = (
				B37393B927633601007DF96D /* WeatherRow.swift */,
			);
			path = Components;
			sourceTree = "<group>";
		};
		B3D9C3E92763269F005224B7 = {
			isa = PBXGroup;
			children = (
				B3D9C3F42763269F005224B7 /* WeatherDemo */,
				B3D9C3F32763269F005224B7 /* Products */,
			);
			sourceTree = "<group>";
		};
		B3D9C3F32763269F005224B7 /* Products */ = {
			isa = PBXGroup;
			children = (
				B3D9C3F22763269F005224B7 /* WeatherDemo.app */,
			);
			name = Products;
			sourceTree = "<group>";
		};
		B3D9C3F42763269F005224B7 /* WeatherDemo */ = {
			isa = PBXGroup;
			children = (
				B37393B8276335EC007DF96D /* Components */,
				B3D9C40627632840005224B7 /* Views */,
				B3D9C403276327BD005224B7 /* Managers */,
				B3D9C3F52763269F005224B7 /* WeatherDemoApp.swift */,
				B37393B427633065007DF96D /* Extensions.swift */,
				B3D9C3F9276326A3005224B7 /* Assets.xcassets */,
				B37393B6276332B6007DF96D /* weatherData.json */,
				B3D9C3FB276326A3005224B7 /* Preview Content */,
			);
			path = WeatherDemo;
			sourceTree = "<group>";
		};
		B3D9C3FB276326A3005224B7 /* Preview Content */ = {
			isa = PBXGroup;
			children = (
				B3D9C3FC276326A3005224B7 /* Preview Assets.xcassets */,
				B37393B227633012007DF96D /* ModelData.swift */,
			);
			path = "Preview Content";
			sourceTree = "<group>";
		};
		B3D9C403276327BD005224B7 /* Managers */ = {
			isa = PBXGroup;
			children = (
				B3D9C404276327CC005224B7 /* LocationManager.swift */,
				B37393AE27632DE3007DF96D /* WeatherManager.swift */,
			);
			path = Managers;
			sourceTree = "<group>";
		};
		B3D9C40627632840005224B7 /* Views */ = {
			isa = PBXGroup;
			children = (
				B3D9C3F72763269F005224B7 /* ContentView.swift */,
				B3D9C4072763285E005224B7 /* WelcomeView.swift */,
				B37393B027632F83007DF96D /* WeatherView.swift */,
			);
			path = Views;
			sourceTree = "<group>";
		};
/* End PBXGroup section */

/* Begin PBXNativeTarget section */
		B3D9C3F12763269F005224B7 /* WeatherDemo */ = {
			isa = PBXNativeTarget;
			buildConfigurationList = B3D9C400276326A3005224B7 /* Build configuration list for PBXNativeTarget "WeatherDemo" */;
			buildPhases = (
				B3D9C3EE2763269F005224B7 /* Sources */,
				B3D9C3EF2763269F005224B7 /* Frameworks */,
				B3D9C3F02763269F005224B7 /* Resources */,
			);
			buildRules = (
			);
			dependencies = (
			);
			name = WeatherDemo;
			packageProductDependencies = (
				B37393BC2766E0EE007DF96D /* Kingfisher */,
			);
			productName = WeatherDemo;
			productReference = B3D9C3F22763269F005224B7 /* WeatherDemo.app */;
			productType = "com.apple.product-type.application";
		};
/* End PBXNativeTarget section */

/* Begin PBXProject section */
		B3D9C3EA2763269F005224B7 /* Project object */ = {
			isa = PBXProject;
			attributes = {
				BuildIndependentTargetsInParallel = 1;
				LastSwiftUpdateCheck = 1310;
				LastUpgradeCheck = 1310;
				TargetAttributes = {
					B3D9C3F12763269F005224B7 = {
						CreatedOnToolsVersion = 13.1;
					};
				};
			};
			buildConfigurationList = B3D9C3ED2763269F005224B7 /* Build configuration list for PBXProject "WeatherDemo" */;
			compatibilityVersion = "Xcode 13.0";
			developmentRegion = en;
			hasScannedForEncodings = 0;
			knownRegions = (
				en,
				Base,
			);
			mainGroup = B3D9C3E92763269F005224B7;
			packageReferences = (
				B37393BB2766E0EE007DF96D /* XCRemoteSwiftPackageReference "Kingfisher" */,
			);
			productRefGroup = B3D9C3F32763269F005224B7 /* Products */;
			projectDirPath = "";
			projectRoot = "";
			targets = (
				B3D9C3F12763269F005224B7 /* WeatherDemo */,
			);
		};
/* End PBXProject section */

/* Begin PBXResourcesBuildPhase section */
		B3D9C3F02763269F005224B7 /* Resources */ = {
			isa = PBXResourcesBuildPhase;
			buildActionMask = 2147483647;
			files = (
				B3D9C3FD276326A3005224B7 /* Preview Assets.xcassets in Resources */,
				B37393B7276332B6007DF96D /* weatherData.json in Resources */,
				B3D9C3FA276326A3005224B7 /* Assets.xcassets in Resources */,
			);
			runOnlyForDeploymentPostprocessing = 0;
		};
/* End PBXResourcesBuildPhase section */

/* Begin PBXSourcesBuildPhase section */
		B3D9C3EE2763269F005224B7 /* Sources */ = {
			isa = PBXSourcesBuildPhase;
			buildActionMask = 2147483647;
			files = (
				B3D9C3F82763269F005224B7 /* ContentView.swift in Sources */,
				B3D9C3F62763269F005224B7 /* WeatherDemoApp.swift in Sources */,
				B37393AF27632DE3007DF96D /* WeatherManager.swift in Sources */,
				B37393BA27633601007DF96D /* WeatherRow.swift in Sources */,
				B37393B527633065007DF96D /* Extensions.swift in Sources */,
				B37393B127632F83007DF96D /* WeatherView.swift in Sources */,
				B3D9C405276327CC005224B7 /* LocationManager.swift in Sources */,
				B3D9C4082763285E005224B7 /* WelcomeView.swift in Sources */,
				B37393B327633012007DF96D /* ModelData.swift in Sources */,
			);
			runOnlyForDeploymentPostprocessing = 0;
		};
/* End PBXSourcesBuildPhase section */

/* Begin XCBuildConfiguration section */
		B3D9C3FE276326A3005224B7 /* Debug */ = {
			isa = XCBuildConfiguration;
			buildSettings = {
				ALWAYS_SEARCH_USER_PATHS = NO;
				CLANG_ANALYZER_NONNULL = YES;
				CLANG_ANALYZER_NUMBER_OBJECT_CONVERSION = YES_AGGRESSIVE;
				CLANG_CXX_LANGUAGE_STANDARD = "gnu++17";
				CLANG_CXX_LIBRARY = "libc++";
				CLANG_ENABLE_MODULES = YES;
				CLANG_ENABLE_OBJC_ARC = YES;
				CLANG_ENABLE_OBJC_WEAK = YES;
				CLANG_WARN_BLOCK_CAPTURE_AUTORELEASING = YES;
				CLANG_WARN_BOOL_CONVERSION = YES;
				CLANG_WARN_COMMA = YES;
				CLANG_WARN_CONSTANT_CONVERSION = YES;
				CLANG_WARN_DEPRECATED_OBJC_IMPLEMENTATIONS = YES;
				CLANG_WARN_DIRECT_OBJC_ISA_USAGE = YES_ERROR;
				CLANG_WARN_DOCUMENTATION_COMMENTS = YES;
				CLANG_WARN_EMPTY_BODY = YES;
				CLANG_WARN_ENUM_CONVERSION = YES;
				CLANG_WARN_INFINITE_RECURSION = YES;
				CLANG_WARN_INT_CONVERSION = YES;
				CLANG_WARN_NON_LITERAL_NULL_CONVERSION = YES;
				CLANG_WARN_OBJC_IMPLICIT_RETAIN_SELF = YES;
				CLANG_WARN_OBJC_LITERAL_CONVERSION = YES;
				CLANG_WARN_OBJC_ROOT_CLASS = YES_ERROR;
				CLANG_WARN_QUOTED_INCLUDE_IN_FRAMEWORK_HEADER = YES;
				CLANG_WARN_RANGE_LOOP_ANALYSIS = YES;
				CLANG_WARN_STRICT_PROTOTYPES = YES;
				CLANG_WARN_SUSPICIOUS_MOVE = YES;
				CLANG_WARN_UNGUARDED_AVAILABILITY = YES_AGGRESSIVE;
				CLANG_WARN_UNREACHABLE_CODE = YES;
				CLANG_WARN__DUPLICATE_METHOD_MATCH = YES;
				COPY_PHASE_STRIP = NO;
				DEBUG_INFORMATION_FORMAT = dwarf;
				ENABLE_STRICT_OBJC_MSGSEND = YES;
				ENABLE_TESTABILITY = YES;
				GCC_C_LANGUAGE_STANDARD = gnu11;
				GCC_DYNAMIC_NO_PIC = NO;
				GCC_NO_COMMON_BLOCKS = YES;
				GCC_OPTIMIZATION_LEVEL = 0;
				GCC_PREPROCESSOR_DEFINITIONS = (
					"DEBUG=1",
					"$(inherited)",
				);
				GCC_WARN_64_TO_32_BIT_CONVERSION = YES;
				GCC_WARN_ABOUT_RETURN_TYPE = YES_ERROR;
				GCC_WARN_UNDECLARED_SELECTOR = YES;
				GCC_WARN_UNINITIALIZED_AUTOS = YES_AGGRESSIVE;
				GCC_WARN_UNUSED_FUNCTION = YES;
				GCC_WARN_UNUSED_VARIABLE = YES;
				IPHONEOS_DEPLOYMENT_TARGET = 15.0;
				MTL_ENABLE_DEBUG_INFO = INCLUDE_SOURCE;
				MTL_FAST_MATH = YES;
				ONLY_ACTIVE_ARCH = YES;
				SDKROOT = iphoneos;
				SWIFT_ACTIVE_COMPILATION_CONDITIONS = DEBUG;
				SWIFT_OPTIMIZATION_LEVEL = "-Onone";
			};
			name = Debug;
		};
		B3D9C3FF276326A3005224B7 /* Release */ = {
			isa = XCBuildConfiguration;
			buildSettings = {
				ALWAYS_SEARCH_USER_PATHS = NO;
				CLANG_ANALYZER_NONNULL = YES;
				CLANG_ANALYZER_NUMBER_OBJECT_CONVERSION = YES_AGGRESSIVE;
				CLANG_CXX_LANGUAGE_STANDARD = "gnu++17";
				CLANG_CXX_LIBRARY = "libc++";
				CLANG_ENABLE_MODULES = YES;
				CLANG_ENABLE_OBJC_ARC = YES;
				CLANG_ENABLE_OBJC_WEAK = YES;
				CLANG_WARN_BLOCK_CAPTURE_AUTORELEASING = YES;
				CLANG_WARN_BOOL_CONVERSION = YES;
				CLANG_WARN_COMMA = YES;
				CLANG_WARN_CONSTANT_CONVERSION = YES;
				CLANG_WARN_DEPRECATED_OBJC_IMPLEMENTATIONS = YES;
				CLANG_WARN_DIRECT_OBJC_ISA_USAGE = YES_ERROR;
				CLANG_WARN_DOCUMENTATION_COMMENTS = YES;
				CLANG_WARN_EMPTY_BODY = YES;
				CLANG_WARN_ENUM_CONVERSION = YES;
				CLANG_WARN_INFINITE_RECURSION = YES;
				CLANG_WARN_INT_CONVERSION = YES;
				CLANG_WARN_NON_LITERAL_NULL_CONVERSION = YES;
				CLANG_WARN_OBJC_IMPLICIT_RETAIN_SELF = YES;
				CLANG_WARN_OBJC_LITERAL_CONVERSION = YES;
				CLANG_WARN_OBJC_ROOT_CLASS = YES_ERROR;
				CLANG_WARN_QUOTED_INCLUDE_IN_FRAMEWORK_HEADER = YES;
				CLANG_WARN_RANGE_LOOP_ANALYSIS = YES;
				CLANG_WARN_STRICT_PROTOTYPES = YES;
				CLANG_WARN_SUSPICIOUS_MOVE = YES;
				CLANG_WARN_UNGUARDED_AVAILABILITY = YES_AGGRESSIVE;
				CLANG_WARN_UNREACHABLE_CODE = YES;
				CLANG_WARN__DUPLICATE_METHOD_MATCH = YES;
				COPY_PHASE_STRIP = NO;
				DEBUG_INFORMATION_FORMAT = "dwarf-with-dsym";
				ENABLE_NS_ASSERTIONS = NO;
				ENABLE_STRICT_OBJC_MSGSEND = YES;
				GCC_C_LANGUAGE_STANDARD = gnu11;
				GCC_NO_COMMON_BLOCKS = YES;
				GCC_WARN_64_TO_32_BIT_CONVERSION = YES;
				GCC_WARN_ABOUT_RETURN_TYPE = YES_ERROR;
				GCC_WARN_UNDECLARED_SELECTOR = YES;
				GCC_WARN_UNINITIALIZED_AUTOS = YES_AGGRESSIVE;
				GCC_WARN_UNUSED_FUNCTION = YES;
				GCC_WARN_UNUSED_VARIABLE = YES;
				IPHONEOS_DEPLOYMENT_TARGET = 15.0;
				MTL_ENABLE_DEBUG_INFO = NO;
				MTL_FAST_MATH = YES;
				SDKROOT = iphoneos;
				SWIFT_COMPILATION_MODE = wholemodule;
				SWIFT_OPTIMIZATION_LEVEL = "-O";
				VALIDATE_PRODUCT = YES;
			};
			name = Release;
		};
		B3D9C401276326A3005224B7 /* Debug */ = {
			isa = XCBuildConfiguration;
			buildSettings = {
				ASSETCATALOG_COMPILER_APPICON_NAME = AppIcon;
				ASSETCATALOG_COMPILER_GLOBAL_ACCENT_COLOR_NAME = AccentColor;
				CODE_SIGN_STYLE = Automatic;
				CURRENT_PROJECT_VERSION = 1;
				DEVELOPMENT_ASSET_PATHS = "\"WeatherDemo/Preview Content\"";
				DEVELOPMENT_TEAM = 8DPYT434G3;
				ENABLE_PREVIEWS = YES;
				GENERATE_INFOPLIST_FILE = YES;
				INFOPLIST_KEY_UIApplicationSceneManifest_Generation = YES;
				INFOPLIST_KEY_UIApplicationSupportsIndirectInputEvents = YES;
				INFOPLIST_KEY_UILaunchScreen_Generation = YES;
				INFOPLIST_KEY_UISupportedInterfaceOrientations_iPad = "UIInterfaceOrientationPortrait UIInterfaceOrientationPortraitUpsideDown UIInterfaceOrientationLandscapeLeft UIInterfaceOrientationLandscapeRight";
				INFOPLIST_KEY_UISupportedInterfaceOrientations_iPhone = "UIInterfaceOrientationPortrait UIInterfaceOrientationLandscapeLeft UIInterfaceOrientationLandscapeRight";
				LD_RUNPATH_SEARCH_PATHS = (
					"$(inherited)",
					"@executable_path/Frameworks",
				);
				MARKETING_VERSION = 1.0;
				PRODUCT_BUNDLE_IDENTIFIER = com.felink.WeatherDemo;
				PRODUCT_NAME = "$(TARGET_NAME)";
				SWIFT_EMIT_LOC_STRINGS = YES;
				SWIFT_VERSION = 5.0;
				TARGETED_DEVICE_FAMILY = "1,2";
			};
			name = Debug;
		};
		B3D9C402276326A3005224B7 /* Release */ = {
			isa = XCBuildConfiguration;
			buildSettings = {
				ASSETCATALOG_COMPILER_APPICON_NAME = AppIcon;
				ASSETCATALOG_COMPILER_GLOBAL_ACCENT_COLOR_NAME = AccentColor;
				CODE_SIGN_STYLE = Automatic;
				CURRENT_PROJECT_VERSION = 1;
				DEVELOPMENT_ASSET_PATHS = "\"WeatherDemo/Preview Content\"";
				DEVELOPMENT_TEAM = 8DPYT434G3;
				ENABLE_PREVIEWS = YES;
				GENERATE_INFOPLIST_FILE = YES;
				INFOPLIST_KEY_UIApplicationSceneManifest_Generation = YES;
				INFOPLIST_KEY_UIApplicationSupportsIndirectInputEvents = YES;
				INFOPLIST_KEY_UILaunchScreen_Generation = YES;
				INFOPLIST_KEY_UISupportedInterfaceOrientations_iPad = "UIInterfaceOrientationPortrait UIInterfaceOrientationPortraitUpsideDown UIInterfaceOrientationLandscapeLeft UIInterfaceOrientationLandscapeRight";
				INFOPLIST_KEY_UISupportedInterfaceOrientations_iPhone = "UIInterfaceOrientationPortrait UIInterfaceOrientationLandscapeLeft UIInterfaceOrientationLandscapeRight";
				LD_RUNPATH_SEARCH_PATHS = (
					"$(inherited)",
					"@executable_path/Frameworks",
				);
				MARKETING_VERSION = 1.0;
				PRODUCT_BUNDLE_IDENTIFIER = com.felink.WeatherDemo;
				PRODUCT_NAME = "$(TARGET_NAME)";
				SWIFT_EMIT_LOC_STRINGS = YES;
				SWIFT_VERSION = 5.0;
				TARGETED_DEVICE_FAMILY = "1,2";
			};
			name = Release;
		};
/* End XCBuildConfiguration section */

/* Begin XCConfigurationList section */
		B3D9C3ED2763269F005224B7 /* Build configuration list for PBXProject "WeatherDemo" */ = {
			isa = XCConfigurationList;
			buildConfigurations = (
				B3D9C3FE276326A3005224B7 /* Debug */,
				B3D9C3FF276326A3005224B7 /* Release */,
			);
			defaultConfigurationIsVisible = 0;
			defaultConfigurationName = Release;
		};
		B3D9C400276326A3005224B7 /* Build configuration list for PBXNativeTarget "WeatherDemo" */ = {
			isa = XCConfigurationList;
			buildConfigurations = (
				B3D9C401276326A3005224B7 /* Debug */,
				B3D9C402276326A3005224B7 /* Release */,
			);
			defaultConfigurationIsVisible = 0;
			defaultConfigurationName = Release;
		};
/* End XCConfigurationList section */

/* Begin XCRemoteSwiftPackageReference section */
		B37393BB2766E0EE007DF96D /* XCRemoteSwiftPackageReference "Kingfisher" */ = {
			isa = XCRemoteSwiftPackageReference;
			repositoryURL = "https://github.com/onevcat/Kingfisher.git";
			requirement = {
				kind = upToNextMajorVersion;
				minimumVersion = 7.0.0;
			};
		};
/* End XCRemoteSwiftPackageReference section */

/* Begin XCSwiftPackageProductDependency section */
		B37393BC2766E0EE007DF96D /* Kingfisher */ = {
			isa = XCSwiftPackageProductDependency;
			package = B37393BB2766E0EE007DF96D /* XCRemoteSwiftPackageReference "Kingfisher" */;
			productName = Kingfisher;
		};
/* End XCSwiftPackageProductDependency section */
	};
	rootObject = B3D9C3EA2763269F005224B7 /* Project object */;
}
